
Microsoft Visual Studio Solution File, Format Version 12.00
# Visual Studio 15
VisualStudioVersion = 15.0.28307.489
MinimumVisualStudioVersion = 10.0.40219.1
Project("{FAE04EC0-301F-11D3-BF4B-00C04F79EFBC}") = "WpfApp1", "WpfApp1\WpfApp1.csproj", "{CC2FFC9B-475D-4804-A2C2-ED24DDC96255}"
EndProject
Global
	GlobalSection(SolutionConfigurationPlatforms) = preSolution
		Debug|Any CPU = Debug|Any CPU
		Release|Any CPU = Release|Any CPU
	EndGlobalSection
	GlobalSection(ProjectConfigurationPlatforms) = postSolution
		{CC2FFC9B-475D-4804-A2C2-ED24DDC96255}.Debug|Any CPU.ActiveCfg = Debug|Any CPU
		{CC2FFC9B-475D-4804-A2C2-ED24DDC96255}.Debug|Any CPU.Build.0 = Debug|Any CPU
		{CC2FFC9B-475D-4804-A2C2-ED24DDC96255}.Release|Any CPU.ActiveCfg = Release|Any CPU
		{CC2FFC9B-475D-4804-A2C2-ED24DDC96255}.Release|Any CPU.Build.0 = Release|Any CPU
	EndGlobalSection
	GlobalSection(SolutionProperties) = preSolution
		HideSolutionNode = FALSE
	EndGlobalSection
	GlobalSection(ExtensibilityGlobals) = postSolution
		SolutionGuid = {E45DFC44-70AE-4FA6-8CC4-2A4688E7A4B7}
	EndGlobalSection
EndGlobal
